
Microsoft Visual Studio Solution File, Format Version 12.00
# Visual Studio Version 17
VisualStudioVersion = 17.6.33829.357
MinimumVisualStudioVersion = 10.0.40219.1
Project("{FAE04EC0-301F-11D3-BF4B-00C04F79EFBC}") = "HackerRank1", "HackerRank1\HackerRank1.csproj", "{7B99FD71-EFDA-47E9-9592-967D3D300018}"
EndProject
Global
	GlobalSection(SolutionConfigurationPlatforms) = preSolution
		Debug|Any CPU = Debug|Any CPU
		Release|Any CPU = Release|Any CPU
	EndGlobalSection
	GlobalSection(ProjectConfigurationPlatforms) = postSolution
		{7B99FD71-EFDA-47E9-9592-967D3D300018}.Debug|Any CPU.ActiveCfg = Debug|Any CPU
		{7B99FD71-EFDA-47E9-9592-967D3D300018}.Debug|Any CPU.Build.0 = Debug|Any CPU
		{7B99FD71-EFDA-47E9-9592-967D3D300018}.Release|Any CPU.ActiveCfg = Release|Any CPU
		{7B99FD71-EFDA-47E9-9592-967D3D300018}.Release|Any CPU.Build.0 = Release|Any CPU
	EndGlobalSection
	GlobalSection(SolutionProperties) = preSolution
		HideSolutionNode = FALSE
	EndGlobalSection
	GlobalSection(ExtensibilityGlobals) = postSolution
		SolutionGuid = {C3FB3BD0-D00A-4F80-98C1-AA5C02E9B967}
	EndGlobalSection
EndGlobal
